Microsoft Visual Studio Solution File, Format Version 12.00
# Visual Studio 2013
VisualStudioVersion = 12.0.40629.0
MinimumVisualStudioVersion = 10.0.40219.1
Project("{8BC9CEB8-8B4A-11D0-8D11-00A0C91BC942}") = "open-ephys", "open-ephys.vcxproj", "{9C924D66-7DEC-1AEF-B375-DB8666BFB909}"
EndProject
Project("{8BC9CEB8-8B4A-11D0-8D11-00A0C91BC942}") = "ChannelMapper", "Plugins\ChannelMapper\ChannelMapper.vcxproj", "{9C33B87F-24D7-4952-91C0-44759C77F491}"
	ProjectSection(ProjectDependencies) = postProject
		{9C924D66-7DEC-1AEF-B375-DB8666BFB909} = {9C924D66-7DEC-1AEF-B375-DB8666BFB909}
	EndProjectSection
EndProject
Project("{8BC9CEB8-8B4A-11D0-8D11-00A0C91BC942}") = "CommonAvgRef", "Plugins\CommonAvgRef\CommonAvgRef.vcxproj", "{75DEED7F-17D0-4805-9272-96288B79BA53}"
	ProjectSection(ProjectDependencies) = postProject
		{9C924D66-7DEC-1AEF-B375-DB8666BFB909} = {9C924D66-7DEC-1AEF-B375-DB8666BFB909}
	EndProjectSection
EndProject
Project("{8BC9CEB8-8B4A-11D0-8D11-00A0C91BC942}") = "BasicSpikeDisplay", "Plugins\BasicSpikeDisplay\BasicSpikeDisplay.vcxproj", "{9D050DCC-52DF-429E-ABF0-EF0B64A9DA5A}"
	ProjectSection(ProjectDependencies) = postProject
		{9C924D66-7DEC-1AEF-B375-DB8666BFB909} = {9C924D66-7DEC-1AEF-B375-DB8666BFB909}
	EndProjectSection
EndProject
Project("{8BC9CEB8-8B4A-11D0-8D11-00A0C91BC942}") = "FilterNode", "Plugins\FilterNode\FilterNode.vcxproj", "{7B23828E-559F-4AD2-B75D-D05786F6329C}"
	ProjectSection(ProjectDependencies) = postProject
		{9C924D66-7DEC-1AEF-B375-DB8666BFB909} = {9C924D66-7DEC-1AEF-B375-DB8666BFB909}
	EndProjectSection
EndProject
Project("{8BC9CEB8-8B4A-11D0-8D11-00A0C91BC942}") = "LFP_Viewer", "Plugins\LFP_Viewer\LFP_Viewer.vcxproj", "{41BD734E-4939-47AD-9714-9629538F7206}"
	ProjectSection(ProjectDependencies) = postProject
		{9C924D66-7DEC-1AEF-B375-DB8666BFB909} = {9C924D66-7DEC-1AEF-B375-DB8666BFB909}
	EndProjectSection
EndProject
Global
	GlobalSection(SolutionConfigurationPlatforms) = preSolution
		Debug|Win32 = Debug|Win32
		Debug|x64 = Debug|x64
		Debug64|Win32 = Debug64|Win32
		Debug64|x64 = Debug64|x64
		Release|Win32 = Release|Win32
		Release|x64 = Release|x64
		Release64|Win32 = Release64|Win32
		Release64|x64 = Release64|x64
	EndGlobalSection
	GlobalSection(ProjectConfigurationPlatforms) = postSolution
		{9C924D66-7DEC-1AEF-B375-DB8666BFB909}.Debug|Win32.ActiveCfg = Debug|Win32
		{9C924D66-7DEC-1AEF-B375-DB8666BFB909}.Debug|Win32.Build.0 = Debug|Win32
		{9C924D66-7DEC-1AEF-B375-DB8666BFB909}.Debug|x64.ActiveCfg = Debug|Win32
		{9C924D66-7DEC-1AEF-B375-DB8666BFB909}.Debug64|Win32.ActiveCfg = Debug64|x64
		{9C924D66-7DEC-1AEF-B375-DB8666BFB909}.Debug64|x64.ActiveCfg = Debug64|x64
		{9C924D66-7DEC-1AEF-B375-DB8666BFB909}.Debug64|x64.Build.0 = Debug64|x64
		{9C924D66-7DEC-1AEF-B375-DB8666BFB909}.Release|Win32.ActiveCfg = Release|Win32
		{9C924D66-7DEC-1AEF-B375-DB8666BFB909}.Release|Win32.Build.0 = Release|Win32
		{9C924D66-7DEC-1AEF-B375-DB8666BFB909}.Release|x64.ActiveCfg = Release|Win32
		{9C924D66-7DEC-1AEF-B375-DB8666BFB909}.Release64|Win32.ActiveCfg = Release64|x64
		{9C924D66-7DEC-1AEF-B375-DB8666BFB909}.Release64|x64.ActiveCfg = Release64|x64
		{9C924D66-7DEC-1AEF-B375-DB8666BFB909}.Release64|x64.Build.0 = Release64|x64
		{9C33B87F-24D7-4952-91C0-44759C77F491}.Debug|Win32.ActiveCfg = Debug|Win32
		{9C33B87F-24D7-4952-91C0-44759C77F491}.Debug|Win32.Build.0 = Debug|Win32
		{9C33B87F-24D7-4952-91C0-44759C77F491}.Debug|x64.ActiveCfg = Debug|x64
		{9C33B87F-24D7-4952-91C0-44759C77F491}.Debug|x64.Build.0 = Debug|x64
		{9C33B87F-24D7-4952-91C0-44759C77F491}.Debug64|Win32.ActiveCfg = Debug|Win32
		{9C33B87F-24D7-4952-91C0-44759C77F491}.Debug64|Win32.Build.0 = Debug|Win32
		{9C33B87F-24D7-4952-91C0-44759C77F491}.Debug64|x64.ActiveCfg = Debug|x64
		{9C33B87F-24D7-4952-91C0-44759C77F491}.Debug64|x64.Build.0 = Debug|x64
		{9C33B87F-24D7-4952-91C0-44759C77F491}.Release|Win32.ActiveCfg = Release|Win32
		{9C33B87F-24D7-4952-91C0-44759C77F491}.Release|Win32.Build.0 = Release|Win32
		{9C33B87F-24D7-4952-91C0-44759C77F491}.Release|x64.ActiveCfg = Release|x64
		{9C33B87F-24D7-4952-91C0-44759C77F491}.Release|x64.Build.0 = Release|x64
		{9C33B87F-24D7-4952-91C0-44759C77F491}.Release64|Win32.ActiveCfg = Release|Win32
		{9C33B87F-24D7-4952-91C0-44759C77F491}.Release64|Win32.Build.0 = Release|Win32
		{9C33B87F-24D7-4952-91C0-44759C77F491}.Release64|x64.ActiveCfg = Release|x64
		{9C33B87F-24D7-4952-91C0-44759C77F491}.Release64|x64.Build.0 = Release|x64
		{75DEED7F-17D0-4805-9272-96288B79BA53}.Debug|Win32.ActiveCfg = Debug|Win32
		{75DEED7F-17D0-4805-9272-96288B79BA53}.Debug|Win32.Build.0 = Debug|Win32
		{75DEED7F-17D0-4805-9272-96288B79BA53}.Debug|x64.ActiveCfg = Debug|x64
		{75DEED7F-17D0-4805-9272-96288B79BA53}.Debug|x64.Build.0 = Debug|x64
		{75DEED7F-17D0-4805-9272-96288B79BA53}.Debug64|Win32.ActiveCfg = Debug|Win32
		{75DEED7F-17D0-4805-9272-96288B79BA53}.Debug64|Win32.Build.0 = Debug|Win32
		{75DEED7F-17D0-4805-9272-96288B79BA53}.Debug64|x64.ActiveCfg = Debug|x64
		{75DEED7F-17D0-4805-9272-96288B79BA53}.Debug64|x64.Build.0 = Debug|x64
		{75DEED7F-17D0-4805-9272-96288B79BA53}.Release|Win32.ActiveCfg = Release|Win32
		{75DEED7F-17D0-4805-9272-96288B79BA53}.Release|Win32.Build.0 = Release|Win32
		{75DEED7F-17D0-4805-9272-96288B79BA53}.Release|x64.ActiveCfg = Release|x64
		{75DEED7F-17D0-4805-9272-96288B79BA53}.Release|x64.Build.0 = Release|x64
		{75DEED7F-17D0-4805-9272-96288B79BA53}.Release64|Win32.ActiveCfg = Release|Win32
		{75DEED7F-17D0-4805-9272-96288B79BA53}.Release64|Win32.Build.0 = Release|Win32
		{75DEED7F-17D0-4805-9272-96288B79BA53}.Release64|x64.ActiveCfg = Release|x64
		{75DEED7F-17D0-4805-9272-96288B79BA53}.Release64|x64.Build.0 = Release|x64
		{9D050DCC-52DF-429E-ABF0-EF0B64A9DA5A}.Debug|Win32.ActiveCfg = Debug|Win32
		{9D050DCC-52DF-429E-ABF0-EF0B64A9DA5A}.Debug|Win32.Build.0 = Debug|Win32
		{9D050DCC-52DF-429E-ABF0-EF0B64A9DA5A}.Debug|x64.ActiveCfg = Debug|x64
		{9D050DCC-52DF-429E-ABF0-EF0B64A9DA5A}.Debug|x64.Build.0 = Debug|x64
		{9D050DCC-52DF-429E-ABF0-EF0B64A9DA5A}.Debug64|Win32.ActiveCfg = Debug|Win32
		{9D050DCC-52DF-429E-ABF0-EF0B64A9DA5A}.Debug64|Win32.Build.0 = Debug|Win32
		{9D050DCC-52DF-429E-ABF0-EF0B64A9DA5A}.Debug64|x64.ActiveCfg = Debug|x64
		{9D050DCC-52DF-429E-ABF0-EF0B64A9DA5A}.Debug64|x64.Build.0 = Debug|x64
		{9D050DCC-52DF-429E-ABF0-EF0B64A9DA5A}.Release|Win32.ActiveCfg = Release|Win32
		{9D050DCC-52DF-429E-ABF0-EF0B64A9DA5A}.Release|Win32.Build.0 = Release|Win32
		{9D050DCC-52DF-429E-ABF0-EF0B64A9DA5A}.Release|x64.ActiveCfg = Release|x64
		{9D050DCC-52DF-429E-ABF0-EF0B64A9DA5A}.Release|x64.Build.0 = Release|x64
		{9D050DCC-52DF-429E-ABF0-EF0B64A9DA5A}.Release64|Win32.ActiveCfg = Release|Win32
		{9D050DCC-52DF-429E-ABF0-EF0B64A9DA5A}.Release64|Win32.Build.0 = Release|Win32
		{9D050DCC-52DF-429E-ABF0-EF0B64A9DA5A}.Release64|x64.ActiveCfg = Release|x64
		{9D050DCC-52DF-429E-ABF0-EF0B64A9DA5A}.Release64|x64.Build.0 = Release|x64
		{7B23828E-559F-4AD2-B75D-D05786F6329C}.Debug|Win32.ActiveCfg = Debug|Win32
		{7B23828E-559F-4AD2-B75D-D05786F6329C}.Debug|Win32.Build.0 = Debug|Win32
		{7B23828E-559F-4AD2-B75D-D05786F6329C}.Debug|x64.ActiveCfg = Debug|x64
		{7B23828E-559F-4AD2-B75D-D05786F6329C}.Debug|x64.Build.0 = Debug|x64
		{7B23828E-559F-4AD2-B75D-D05786F6329C}.Debug64|Win32.ActiveCfg = Debug|Win32
		{7B23828E-559F-4AD2-B75D-D05786F6329C}.Debug64|Win32.Build.0 = Debug|Win32
		{7B23828E-559F-4AD2-B75D-D05786F6329C}.Debug64|x64.ActiveCfg = Debug|x64
		{7B23828E-559F-4AD2-B75D-D05786F6329C}.Debug64|x64.Build.0 = Debug|x64
		{7B23828E-559F-4AD2-B75D-D05786F6329C}.Release|Win32.ActiveCfg = Release|Win32
		{7B23828E-559F-4AD2-B75D-D05786F6329C}.Release|Win32.Build.0 = Release|Win32
		{7B23828E-559F-4AD2-B75D-D05786F6329C}.Release|x64.ActiveCfg = Release|x64
		{7B23828E-559F-4AD2-B75D-D05786F6329C}.Release|x64.Build.0 = Release|x64
		{7B23828E-559F-4AD2-B75D-D05786F6329C}.Release64|Win32.ActiveCfg = Release|Win32
		{7B23828E-559F-4AD2-B75D-D05786F6329C}.Release64|Win32.Build.0 = Release|Win32
		{7B23828E-559F-4AD2-B75D-D05786F6329C}.Release64|x64.ActiveCfg = Release|x64
		{7B23828E-559F-4AD2-B75D-D05786F6329C}.Release64|x64.Build.0 = Release|x64
		{41BD734E-4939-47AD-9714-9629538F7206}.Debug|Win32.ActiveCfg = Debug|Win32
		{41BD734E-4939-47AD-9714-9629538F7206}.Debug|Win32.Build.0 = Debug|Win32
		{41BD734E-4939-47AD-9714-9629538F7206}.Debug|x64.ActiveCfg = Debug|x64
		{41BD734E-4939-47AD-9714-9629538F7206}.Debug|x64.Build.0 = Debug|x64
		{41BD734E-4939-47AD-9714-9629538F7206}.Debug64|Win32.ActiveCfg = Debug|Win32
		{41BD734E-4939-47AD-9714-9629538F7206}.Debug64|Win32.Build.0 = Debug|Win32
		{41BD734E-4939-47AD-9714-9629538F7206}.Debug64|x64.ActiveCfg = Debug|x64
		{41BD734E-4939-47AD-9714-9629538F7206}.Debug64|x64.Build.0 = Debug|x64
		{41BD734E-4939-47AD-9714-9629538F7206}.Release|Win32.ActiveCfg = Release|Win32
		{41BD734E-4939-47AD-9714-9629538F7206}.Release|Win32.Build.0 = Release|Win32
		{41BD734E-4939-47AD-9714-9629538F7206}.Release|x64.ActiveCfg = Release|x64
		{41BD734E-4939-47AD-9714-9629538F7206}.Release|x64.Build.0 = Release|x64
		{41BD734E-4939-47AD-9714-9629538F7206}.Release64|Win32.ActiveCfg = Release|Win32
		{41BD734E-4939-47AD-9714-9629538F7206}.Release64|Win32.Build.0 = Release|Win32
		{41BD734E-4939-47AD-9714-9629538F7206}.Release64|x64.ActiveCfg = Release|x64
		{41BD734E-4939-47AD-9714-9629538F7206}.Release64|x64.Build.0 = Release|x64
	EndGlobalSection
	GlobalSection(SolutionProperties) = preSolution
		HideSolutionNode = FALSE
	EndGlobalSection
	GlobalSection(Performance) = preSolution
		HasPerformanceSessions = true
	EndGlobalSection
EndGlobal
